// !$*UTF8*$!
{
	archiveVersion = 1;
	classes = {
	};
	objectVersion = 55;
	objects = {

/* Begin PBXBuildFile section */
		1BB7AD168FB19A381FF5F931 /* Pods_kepetrovaPW6.framework in Frameworks */ = {isa = PBXBuildFile; fileRef = D387D474B1A00020D16B14ED /* Pods_kepetrovaPW6.framework */; };
		5E12E795274971430006439C /* AppDelegate.swift in Sources */ = {isa = PBXBuildFile; fileRef = 5E12E794274971430006439C /* AppDelegate.swift */; };
		5E12E797274971430006439C /* SceneDelegate.swift in Sources */ = {isa = PBXBuildFile; fileRef = 5E12E796274971430006439C /* SceneDelegate.swift */; };
		5E12E799274971430006439C /* ViewController.swift in Sources */ = {isa = PBXBuildFile; fileRef = 5E12E798274971430006439C /* ViewController.swift */; };
		5E12E79C274971430006439C /* Main.storyboard in Resources */ = {isa = PBXBuildFile; fileRef = 5E12E79A274971430006439C /* Main.storyboard */; };
		5E12E79E274971460006439C /* Assets.xcassets in Resources */ = {isa = PBXBuildFile; fileRef = 5E12E79D274971460006439C /* Assets.xcassets */; };
		5E12E7A1274971460006439C /* LaunchScreen.storyboard in Resources */ = {isa = PBXBuildFile; fileRef = 5E12E79F274971460006439C /* LaunchScreen.storyboard */; };
		5E12E7C7274980250006439C /* Framework.framework in Frameworks */ = {isa = PBXBuildFile; fileRef = 5E12E7C527497FF80006439C /* Framework.framework */; };
		5E12E7C8274980250006439C /* Framework.framework in Embed Frameworks */ = {isa = PBXBuildFile; fileRef = 5E12E7C527497FF80006439C /* Framework.framework */; settings = {ATTRIBUTES = (CodeSignOnCopy, RemoveHeadersOnCopy, ); }; };
		5E12E7CD274982B80006439C /* MyLogger2 in Frameworks */ = {isa = PBXBuildFile; productRef = 5E12E7CC274982B80006439C /* MyLogger2 */; };
/* End PBXBuildFile section */

/* Begin PBXContainerItemProxy section */
		5E12E7C427497FF80006439C /* PBXContainerItemProxy */ = {
			isa = PBXContainerItemProxy;
			containerPortal = 5E12E7C027497FF80006439C /* Framework.xcodeproj */;
			proxyType = 2;
			remoteGlobalIDString = 5E12E7B227497EDE0006439C;
			remoteInfo = Framework;
		};
/* End PBXContainerItemProxy section */

/* Begin PBXCopyFilesBuildPhase section */
		5E12E7C9274980250006439C /* Embed Frameworks */ = {
			isa = PBXCopyFilesBuildPhase;
			buildActionMask = 2147483647;
			dstPath = "";
			dstSubfolderSpec = 10;
			files = (
				5E12E7C8274980250006439C /* Framework.framework in Embed Frameworks */,
			);
			name = "Embed Frameworks";
			runOnlyForDeploymentPostprocessing = 0;
		};
/* End PBXCopyFilesBuildPhase section */

/* Begin PBXFileReference section */
		5E12E791274971430006439C /* kepetrovaPW6.app */ = {isa = PBXFileReference; explicitFileType = wrapper.application; includeInIndex = 0; path = kepetrovaPW6.app; sourceTree = BUILT_PRODUCTS_DIR; };
		5E12E794274971430006439C /* AppDelegate.swift */ = {isa = PBXFileReference; lastKnownFileType = sourcecode.swift; path = AppDelegate.swift; sourceTree = "<group>"; };
		5E12E796274971430006439C /* SceneDelegate.swift */ = {isa = PBXFileReference; lastKnownFileType = sourcecode.swift; path = SceneDelegate.swift; sourceTree = "<group>"; };
		5E12E798274971430006439C /* ViewController.swift */ = {isa = PBXFileReference; lastKnownFileType = sourcecode.swift; path = ViewController.swift; sourceTree = "<group>"; };
		5E12E79B274971430006439C /* Base */ = {isa = PBXFileReference; lastKnownFileType = file.storyboard; name = Base; path = Base.lproj/Main.storyboard; sourceTree = "<group>"; };
		5E12E79D274971460006439C /* Assets.xcassets */ = {isa = PBXFileReference; lastKnownFileType = folder.assetcatalog; path = Assets.xcassets; sourceTree = "<group>"; };
		5E12E7A0274971460006439C /* Base */ = {isa = PBXFileReference; lastKnownFileType = file.storyboard; name = Base; path = Base.lproj/LaunchScreen.storyboard; sourceTree = "<group>"; };
		5E12E7A2274971460006439C /* Info.plist */ = {isa = PBXFileReference; lastKnownFileType = text.plist.xml; path = Info.plist; sourceTree = "<group>"; };
		5E12E7C027497FF80006439C /* Framework.xcodeproj */ = {isa = PBXFileReference; lastKnownFileType = "wrapper.pb-project"; name = Framework.xcodeproj; path = ../Framework/Framework.xcodeproj; sourceTree = "<group>"; };
		5E12E7CB274982A10006439C /* MyLogger2 */ = {isa = PBXFileReference; lastKnownFileType = folder; name = MyLogger2; path = ../MyLogger2; sourceTree = "<group>"; };
		84A0216B8A877117D76D874B /* Pods-kepetrovaPW6.debug.xcconfig */ = {isa = PBXFileReference; includeInIndex = 1; lastKnownFileType = text.xcconfig; name = "Pods-kepetrovaPW6.debug.xcconfig"; path = "Target Support Files/Pods-kepetrovaPW6/Pods-kepetrovaPW6.debug.xcconfig"; sourceTree = "<group>"; };
		99CF1934DAA2F812E16D564A /* Pods-kepetrovaPW6.release.xcconfig */ = {isa = PBXFileReference; includeInIndex = 1; lastKnownFileType = text.xcconfig; name = "Pods-kepetrovaPW6.release.xcconfig"; path = "Target Support Files/Pods-kepetrovaPW6/Pods-kepetrovaPW6.release.xcconfig"; sourceTree = "<group>"; };
		D387D474B1A00020D16B14ED /* Pods_kepetrovaPW6.framework */ = {isa = PBXFileReference; explicitFileType = wrapper.framework; includeInIndex = 0; path = Pods_kepetrovaPW6.framework; sourceTree = BUILT_PRODUCTS_DIR; };
/* End PBXFileReference section */

/* Begin PBXFrameworksBuildPhase section */
		5E12E78E274971420006439C /* Frameworks */ = {
			isa = PBXFrameworksBuildPhase;
			buildActionMask = 2147483647;
			files = (
				5E12E7C7274980250006439C /* Framework.framework in Frameworks */,
				5E12E7CD274982B80006439C /* MyLogger2 in Frameworks */,
				1BB7AD168FB19A381FF5F931 /* Pods_kepetrovaPW6.framework in Frameworks */,
			);
			runOnlyForDeploymentPostprocessing = 0;
		};
/* End PBXFrameworksBuildPhase section */

/* Begin PBXGroup section */
		01D2D5EA0E8DE7AA93ADCC82 /* Pods */ = {
			isa = PBXGroup;
			children = (
				84A0216B8A877117D76D874B /* Pods-kepetrovaPW6.debug.xcconfig */,
				99CF1934DAA2F812E16D564A /* Pods-kepetrovaPW6.release.xcconfig */,
			);
			name = Pods;
			path = Pods;
			sourceTree = "<group>";
		};
		5E12E788274971420006439C = {
			isa = PBXGroup;
			children = (
				5E12E7CA274982A10006439C /* Packages */,
				5E12E7C027497FF80006439C /* Framework.xcodeproj */,
				5E12E793274971430006439C /* kepetrovaPW6 */,
				5E12E792274971430006439C /* Products */,
				5E12E7C6274980250006439C /* Frameworks */,
				01D2D5EA0E8DE7AA93ADCC82 /* Pods */,
			);
			sourceTree = "<group>";
		};
		5E12E792274971430006439C /* Products */ = {
			isa = PBXGroup;
			children = (
				5E12E791274971430006439C /* kepetrovaPW6.app */,
			);
			name = Products;
			sourceTree = "<group>";
		};
		5E12E793274971430006439C /* kepetrovaPW6 */ = {
			isa = PBXGroup;
			children = (
				5E12E794274971430006439C /* AppDelegate.swift */,
				5E12E796274971430006439C /* SceneDelegate.swift */,
				5E12E798274971430006439C /* ViewController.swift */,
				5E12E79A274971430006439C /* Main.storyboard */,
				5E12E79D274971460006439C /* Assets.xcassets */,
				5E12E79F274971460006439C /* LaunchScreen.storyboard */,
				5E12E7A2274971460006439C /* Info.plist */,
			);
			path = kepetrovaPW6;
			sourceTree = "<group>";
		};
		5E12E7C127497FF80006439C /* Products */ = {
			isa = PBXGroup;
			children = (
				5E12E7C527497FF80006439C /* Framework.framework */,
			);
			name = Products;
			sourceTree = "<group>";
		};
		5E12E7C6274980250006439C /* Frameworks */ = {
			isa = PBXGroup;
			children = (
				D387D474B1A00020D16B14ED /* Pods_kepetrovaPW6.framework */,
			);
			name = Frameworks;
			sourceTree = "<group>";
		};
		5E12E7CA274982A10006439C /* Packages */ = {
			isa = PBXGroup;
			children = (
				5E12E7CB274982A10006439C /* MyLogger2 */,
			);
			name = Packages;
			sourceTree = "<group>";
		};
/* End PBXGroup section */

/* Begin PBXNativeTarget section */
		5E12E790274971420006439C /* kepetrovaPW6 */ = {
			isa = PBXNativeTarget;
			buildConfigurationList = 5E12E7A5274971460006439C /* Build configuration list for PBXNativeTarget "kepetrovaPW6" */;
			buildPhases = (
				D9663868402E1D42E959A129 /* [CP] Check Pods Manifest.lock */,
				5E12E78D274971420006439C /* Sources */,
				5E12E78E274971420006439C /* Frameworks */,
				5E12E78F274971420006439C /* Resources */,
				5E12E7C9274980250006439C /* Embed Frameworks */,
				819B16998222673A247949C1 /* [CP] Embed Pods Frameworks */,
			);
			buildRules = (
			);
			dependencies = (
			);
			name = kepetrovaPW6;
			packageProductDependencies = (
				5E12E7CC274982B80006439C /* MyLogger2 */,
			);
			productName = kepetrovaPW6;
			productReference = 5E12E791274971430006439C /* kepetrovaPW6.app */;
			productType = "com.apple.product-type.application";
		};
/* End PBXNativeTarget section */

/* Begin PBXProject section */
		5E12E789274971420006439C /* Project object */ = {
			isa = PBXProject;
			attributes = {
				BuildIndependentTargetsInParallel = 1;
				LastSwiftUpdateCheck = 1310;
				LastUpgradeCheck = 1310;
				TargetAttributes = {
					5E12E790274971420006439C = {
						CreatedOnToolsVersion = 13.1;
					};
				};
			};
			buildConfigurationList = 5E12E78C274971420006439C /* Build configuration list for PBXProject "kepetrovaPW6" */;
			compatibilityVersion = "Xcode 13.0";
			developmentRegion = en;
			hasScannedForEncodings = 0;
			knownRegions = (
				en,
				Base,
			);
			mainGroup = 5E12E788274971420006439C;
			productRefGroup = 5E12E792274971430006439C /* Products */;
			projectDirPath = "";
			projectReferences = (
				{
					ProductGroup = 5E12E7C127497FF80006439C /* Products */;
					ProjectRef = 5E12E7C027497FF80006439C /* Framework.xcodeproj */;
				},
			);
			projectRoot = "";
			targets = (
				5E12E790274971420006439C /* kepetrovaPW6 */,
			);
		};
/* End PBXProject section */

/* Begin PBXReferenceProxy section */
		5E12E7C527497FF80006439C /* Framework.framework */ = {
			isa = PBXReferenceProxy;
			fileType = wrapper.framework;
			path = Framework.framework;
			remoteRef = 5E12E7C427497FF80006439C /* PBXContainerItemProxy */;
			sourceTree = BUILT_PRODUCTS_DIR;
		};
/* End PBXReferenceProxy section */

/* Begin PBXResourcesBuildPhase section */
		5E12E78F274971420006439C /* Resources */ = {
			isa = PBXResourcesBuildPhase;
			buildActionMask = 2147483647;
			files = (
				5E12E7A1274971460006439C /* LaunchScreen.storyboard in Resources */,
				5E12E79E274971460006439C /* Assets.xcassets in Resources */,
				5E12E79C274971430006439C /* Main.storyboard in Resources */,
			);
			runOnlyForDeploymentPostprocessing = 0;
		};
/* End PBXResourcesBuildPhase section */

/* Begin PBXShellScriptBuildPhase section */
		819B16998222673A247949C1 /* [CP] Embed Pods Frameworks */ = {
			isa = PBXShellScriptBuildPhase;
			buildActionMask = 2147483647;
			files = (
			);
			inputFileListPaths = (
				"${PODS_ROOT}/Target Support Files/Pods-kepetrovaPW6/Pods-kepetrovaPW6-frameworks-${CONFIGURATION}-input-files.xcfilelist",
			);
			name = "[CP] Embed Pods Frameworks";
			outputFileListPaths = (
				"${PODS_ROOT}/Target Support Files/Pods-kepetrovaPW6/Pods-kepetrovaPW6-frameworks-${CONFIGURATION}-output-files.xcfilelist",
			);
			runOnlyForDeploymentPostprocessing = 0;
			shellPath = /bin/sh;
			shellScript = "\"${PODS_ROOT}/Target Support Files/Pods-kepetrovaPW6/Pods-kepetrovaPW6-frameworks.sh\"\n";
			showEnvVarsInLog = 0;
		};
		D9663868402E1D42E959A129 /* [CP] Check Pods Manifest.lock */ = {
			isa = PBXShellScriptBuildPhase;
			buildActionMask = 2147483647;
			files = (
			);
			inputFileListPaths = (
			);
			inputPaths = (
				"${PODS_PODFILE_DIR_PATH}/Podfile.lock",
				"${PODS_ROOT}/Manifest.lock",
			);
			name = "[CP] Check Pods Manifest.lock";
			outputFileListPaths = (
			);
			outputPaths = (
				"$(DERIVED_FILE_DIR)/Pods-kepetrovaPW6-checkManifestLockResult.txt",
			);
			runOnlyForDeploymentPostprocessing = 0;
			shellPath = /bin/sh;
			shellScript = "diff \"${PODS_PODFILE_DIR_PATH}/Podfile.lock\" \"${PODS_ROOT}/Manifest.lock\" > /dev/null\nif [ $? != 0 ] ; then\n    # print error to STDERR\n    echo \"error: The sandbox is not in sync with the Podfile.lock. Run 'pod install' or update your CocoaPods installation.\" >&2\n    exit 1\nfi\n# This output is used by Xcode 'outputs' to avoid re-running this script phase.\necho \"SUCCESS\" > \"${SCRIPT_OUTPUT_FILE_0}\"\n";
			showEnvVarsInLog = 0;
		};
/* End PBXShellScriptBuildPhase section */

/* Begin PBXSourcesBuildPhase section */
		5E12E78D274971420006439C /* Sources */ = {
			isa = PBXSourcesBuildPhase;
			buildActionMask = 2147483647;
			files = (
				5E12E799274971430006439C /* ViewController.swift in Sources */,
				5E12E795274971430006439C /* AppDelegate.swift in Sources */,
				5E12E797274971430006439C /* SceneDelegate.swift in Sources */,
			);
			runOnlyForDeploymentPostprocessing = 0;
		};
/* End PBXSourcesBuildPhase section */

/* Begin PBXVariantGroup section */
		5E12E79A274971430006439C /* Main.storyboard */ = {
			isa = PBXVariantGroup;
			children = (
				5E12E79B274971430006439C /* Base */,
			);
			name = Main.storyboard;
			sourceTree = "<group>";
		};
		5E12E79F274971460006439C /* LaunchScreen.storyboard */ = {
			isa = PBXVariantGroup;
			children = (
				5E12E7A0274971460006439C /* Base */,
			);
			name = LaunchScreen.storyboard;
			sourceTree = "<group>";
		};
/* End PBXVariantGroup section */

/* Begin XCBuildConfiguration section */
		5E12E7A3274971460006439C /* Debug */ = {
			isa = XCBuildConfiguration;
			buildSettings = {
				ALWAYS_SEARCH_USER_PATHS = NO;
				CLANG_ANALYZER_NONNULL = YES;
				CLANG_ANALYZER_NUMBER_OBJECT_CONVERSION = YES_AGGRESSIVE;
				CLANG_CXX_LANGUAGE_STANDARD = "gnu++17";
				CLANG_CXX_LIBRARY = "libc++";
				CLANG_ENABLE_MODULES = YES;
				CLANG_ENABLE_OBJC_ARC = YES;
				CLANG_ENABLE_OBJC_WEAK = YES;
				CLANG_WARN_BLOCK_CAPTURE_AUTORELEASING = YES;
				CLANG_WARN_BOOL_CONVERSION = YES;
				CLANG_WARN_COMMA = YES;
				CLANG_WARN_CONSTANT_CONVERSION = YES;
				CLANG_WARN_DEPRECATED_OBJC_IMPLEMENTATIONS = YES;
				CLANG_WARN_DIRECT_OBJC_ISA_USAGE = YES_ERROR;
				CLANG_WARN_DOCUMENTATION_COMMENTS = YES;
				CLANG_WARN_EMPTY_BODY = YES;
				CLANG_WARN_ENUM_CONVERSION = YES;
				CLANG_WARN_INFINITE_RECURSION = YES;
				CLANG_WARN_INT_CONVERSION = YES;
				CLANG_WARN_NON_LITERAL_NULL_CONVERSION = YES;
				CLANG_WARN_OBJC_IMPLICIT_RETAIN_SELF = YES;
				CLANG_WARN_OBJC_LITERAL_CONVERSION = YES;
				CLANG_WARN_OBJC_ROOT_CLASS = YES_ERROR;
				CLANG_WARN_QUOTED_INCLUDE_IN_FRAMEWORK_HEADER = YES;
				CLANG_WARN_RANGE_LOOP_ANALYSIS = YES;
				CLANG_WARN_STRICT_PROTOTYPES = YES;
				CLANG_WARN_SUSPICIOUS_MOVE = YES;
				CLANG_WARN_UNGUARDED_AVAILABILITY = YES_AGGRESSIVE;
				CLANG_WARN_UNREACHABLE_CODE = YES;
				CLANG_WARN__DUPLICATE_METHOD_MATCH = YES;
				COPY_PHASE_STRIP = NO;
				DEBUG_INFORMATION_FORMAT = dwarf;
				ENABLE_STRICT_OBJC_MSGSEND = YES;
				ENABLE_TESTABILITY = YES;
				GCC_C_LANGUAGE_STANDARD = gnu11;
				GCC_DYNAMIC_NO_PIC = NO;
				GCC_NO_COMMON_BLOCKS = YES;
				GCC_OPTIMIZATION_LEVEL = 0;
				GCC_PREPROCESSOR_DEFINITIONS = (
					"DEBUG=1",
					"$(inherited)",
				);
				GCC_WARN_64_TO_32_BIT_CONVERSION = YES;
				GCC_WARN_ABOUT_RETURN_TYPE = YES_ERROR;
				GCC_WARN_UNDECLARED_SELECTOR = YES;
				GCC_WARN_UNINITIALIZED_AUTOS = YES_AGGRESSIVE;
				GCC_WARN_UNUSED_FUNCTION = YES;
				GCC_WARN_UNUSED_VARIABLE = YES;
				IPHONEOS_DEPLOYMENT_TARGET = 15.0;
				MTL_ENABLE_DEBUG_INFO = INCLUDE_SOURCE;
				MTL_FAST_MATH = YES;
				ONLY_ACTIVE_ARCH = YES;
				SDKROOT = iphoneos;
				SWIFT_ACTIVE_COMPILATION_CONDITIONS = DEBUG;
				SWIFT_OPTIMIZATION_LEVEL = "-Onone";
			};
			name = Debug;
		};
		5E12E7A4274971460006439C /* Release */ = {
			isa = XCBuildConfiguration;
			buildSettings = {
				ALWAYS_SEARCH_USER_PATHS = NO;
				CLANG_ANALYZER_NONNULL = YES;
				CLANG_ANALYZER_NUMBER_OBJECT_CONVERSION = YES_AGGRESSIVE;
				CLANG_CXX_LANGUAGE_STANDARD = "gnu++17";
				CLANG_CXX_LIBRARY = "libc++";
				CLANG_ENABLE_MODULES = YES;
				CLANG_ENABLE_OBJC_ARC = YES;
				CLANG_ENABLE_OBJC_WEAK = YES;
				CLANG_WARN_BLOCK_CAPTURE_AUTORELEASING = YES;
				CLANG_WARN_BOOL_CONVERSION = YES;
				CLANG_WARN_COMMA = YES;
				CLANG_WARN_CONSTANT_CONVERSION = YES;
				CLANG_WARN_DEPRECATED_OBJC_IMPLEMENTATIONS = YES;
				CLANG_WARN_DIRECT_OBJC_ISA_USAGE = YES_ERROR;
				CLANG_WARN_DOCUMENTATION_COMMENTS = YES;
				CLANG_WARN_EMPTY_BODY = YES;
				CLANG_WARN_ENUM_CONVERSION = YES;
				CLANG_WARN_INFINITE_RECURSION = YES;
				CLANG_WARN_INT_CONVERSION = YES;
				CLANG_WARN_NON_LITERAL_NULL_CONVERSION = YES;
				CLANG_WARN_OBJC_IMPLICIT_RETAIN_SELF = YES;
				CLANG_WARN_OBJC_LITERAL_CONVERSION = YES;
				CLANG_WARN_OBJC_ROOT_CLASS = YES_ERROR;
				CLANG_WARN_QUOTED_INCLUDE_IN_FRAMEWORK_HEADER = YES;
				CLANG_WARN_RANGE_LOOP_ANALYSIS = YES;
				CLANG_WARN_STRICT_PROTOTYPES = YES;
				CLANG_WARN_SUSPICIOUS_MOVE = YES;
				CLANG_WARN_UNGUARDED_AVAILABILITY = YES_AGGRESSIVE;
				CLANG_WARN_UNREACHABLE_CODE = YES;
				CLANG_WARN__DUPLICATE_METHOD_MATCH = YES;
				COPY_PHASE_STRIP = NO;
				DEBUG_INFORMATION_FORMAT = "dwarf-with-dsym";
				ENABLE_NS_ASSERTIONS = NO;
				ENABLE_STRICT_OBJC_MSGSEND = YES;
				GCC_C_LANGUAGE_STANDARD = gnu11;
				GCC_NO_COMMON_BLOCKS = YES;
				GCC_WARN_64_TO_32_BIT_CONVERSION = YES;
				GCC_WARN_ABOUT_RETURN_TYPE = YES_ERROR;
				GCC_WARN_UNDECLARED_SELECTOR = YES;
				GCC_WARN_UNINITIALIZED_AUTOS = YES_AGGRESSIVE;
				GCC_WARN_UNUSED_FUNCTION = YES;
				GCC_WARN_UNUSED_VARIABLE = YES;
				IPHONEOS_DEPLOYMENT_TARGET = 15.0;
				MTL_ENABLE_DEBUG_INFO = NO;
				MTL_FAST_MATH = YES;
				SDKROOT = iphoneos;
				SWIFT_COMPILATION_MODE = wholemodule;
				SWIFT_OPTIMIZATION_LEVEL = "-O";
				VALIDATE_PRODUCT = YES;
			};
			name = Release;
		};
		5E12E7A6274971460006439C /* Debug */ = {
			isa = XCBuildConfiguration;
			baseConfigurationReference = 84A0216B8A877117D76D874B /* Pods-kepetrovaPW6.debug.xcconfig */;
			buildSettings = {
				ASSETCATALOG_COMPILER_APPICON_NAME = AppIcon;
				ASSETCATALOG_COMPILER_GLOBAL_ACCENT_COLOR_NAME = AccentColor;
				CODE_SIGN_STYLE = Automatic;
				CURRENT_PROJECT_VERSION = 1;
				GENERATE_INFOPLIST_FILE = YES;
				INFOPLIST_FILE = kepetrovaPW6/Info.plist;
				INFOPLIST_KEY_UIApplicationSupportsIndirectInputEvents = YES;
				INFOPLIST_KEY_UILaunchStoryboardName = LaunchScreen;
				INFOPLIST_KEY_UIMainStoryboardFile = Main;
				INFOPLIST_KEY_UISupportedInterfaceOrientations_iPad = "UIInterfaceOrientationPortrait UIInterfaceOrientationPortraitUpsideDown UIInterfaceOrientationLandscapeLeft UIInterfaceOrientationLandscapeRight";
				INFOPLIST_KEY_UISupportedInterfaceOrientations_iPhone = "UIInterfaceOrientationPortrait UIInterfaceOrientationLandscapeLeft UIInterfaceOrientationLandscapeRight";
				LD_RUNPATH_SEARCH_PATHS = (
					"$(inherited)",
					"@executable_path/Frameworks",
				);
				MARKETING_VERSION = 1.0;
				PRODUCT_BUNDLE_IDENTIFIER = hse.kepetrovaPW6;
				PRODUCT_NAME = "$(TARGET_NAME)";
				SWIFT_EMIT_LOC_STRINGS = YES;
				SWIFT_VERSION = 5.0;
				TARGETED_DEVICE_FAMILY = "1,2";
			};
			name = Debug;
		};
		5E12E7A7274971460006439C /* Release */ = {
			isa = XCBuildConfiguration;
			baseConfigurationReference = 99CF1934DAA2F812E16D564A /* Pods-kepetrovaPW6.release.xcconfig */;
			buildSettings = {
				ASSETCATALOG_COMPILER_APPICON_NAME = AppIcon;
				ASSETCATALOG_COMPILER_GLOBAL_ACCENT_COLOR_NAME = AccentColor;
				CODE_SIGN_STYLE = Automatic;
				CURRENT_PROJECT_VERSION = 1;
				GENERATE_INFOPLIST_FILE = YES;
				INFOPLIST_FILE = kepetrovaPW6/Info.plist;
				INFOPLIST_KEY_UIApplicationSupportsIndirectInputEvents = YES;
				INFOPLIST_KEY_UILaunchStoryboardName = LaunchScreen;
				INFOPLIST_KEY_UIMainStoryboardFile = Main;
				INFOPLIST_KEY_UISupportedInterfaceOrientations_iPad = "UIInterfaceOrientationPortrait UIInterfaceOrientationPortraitUpsideDown UIInterfaceOrientationLandscapeLeft UIInterfaceOrientationLandscapeRight";
				INFOPLIST_KEY_UISupportedInterfaceOrientations_iPhone = "UIInterfaceOrientationPortrait UIInterfaceOrientationLandscapeLeft UIInterfaceOrientationLandscapeRight";
				LD_RUNPATH_SEARCH_PATHS = (
					"$(inherited)",
					"@executable_path/Frameworks",
				);
				MARKETING_VERSION = 1.0;
				PRODUCT_BUNDLE_IDENTIFIER = hse.kepetrovaPW6;
				PRODUCT_NAME = "$(TARGET_NAME)";
				SWIFT_EMIT_LOC_STRINGS = YES;
				SWIFT_VERSION = 5.0;
				TARGETED_DEVICE_FAMILY = "1,2";
			};
			name = Release;
		};
/* End XCBuildConfiguration section */

/* Begin XCConfigurationList section */
		5E12E78C274971420006439C /* Build configuration list for PBXProject "kepetrovaPW6" */ = {
			isa = XCConfigurationList;
			buildConfigurations = (
				5E12E7A3274971460006439C /* Debug */,
				5E12E7A4274971460006439C /* Release */,
			);
			defaultConfigurationIsVisible = 0;
			defaultConfigurationName = Release;
		};
		5E12E7A5274971460006439C /* Build configuration list for PBXNativeTarget "kepetrovaPW6" */ = {
			isa = XCConfigurationList;
			buildConfigurations = (
				5E12E7A6274971460006439C /* Debug */,
				5E12E7A7274971460006439C /* Release */,
			);
			defaultConfigurationIsVisible = 0;
			defaultConfigurationName = Release;
		};
/* End XCConfigurationList section */

/* Begin XCSwiftPackageProductDependency section */
		5E12E7CC274982B80006439C /* MyLogger2 */ = {
			isa = XCSwiftPackageProductDependency;
			productName = MyLogger2;
		};
/* End XCSwiftPackageProductDependency section */
	};
	rootObject = 5E12E789274971420006439C /* Project object */;
}
